lockfile_version: '1'
generated_at: '2026-04-25T05:39:29.561215+00:00'
dependencies: []
local_deployed_files:
- .claude/rules/react-testing.md
- .claude/rules/tsed-testing.md
- .claude/skills/onboard-to-homelab
- .github/skills/onboard-to-homelab
local_deployed_file_hashes:
  .claude/rules/react-testing.md: sha256:45a4ab8588aa844636eef05b55e54948497e4394f2cfbc4cacb5ed1544153b68
  .claude/rules/tsed-testing.md: sha256:fd1bc132c09160093ac8b955049cfeba7d1daff49b1f0d1cd3681ebd2f132b17
